version: 1.0
shards:
  crecto:
    github: Zhomart/crecto
    commit: ae0bf5638e3cdf867db3dd662c74595d75e95d38

  db:
    github: crystal-lang/crystal-db
    version: 0.4.0

  faker:
    github: askn/faker
    version: 0.3.0

  kemal:
    github: kemalcr/kemal
    commit: f1edf81d95f0c38628cabce6871681faf4d83de5

  kilt:
    github: jeromegn/kilt
    version: 0.3.3

  radix:
    github: luislavena/radix
    version: 0.3.8

  sentry:
    github: samueleaton/sentry
    commit: 9f14238a5acc2582c0c48958199dc49e00b651b3

  sqlite3:
    github: Zhomart/crystal-sqlite3
    commit: 960626353ad3324c99920e9d09b20f8b8ee94834

